Microsoft Visual Studio Solution File, Format Version 12.00
# Visual Studio 2012
Project("{FAE04EC0-301F-11D3-BF4B-00C04F79EFBC}") = "Godot Source Tools", "Godot Source Tools.csproj", "{973D962F-BAE0-48E1-B044-DB0D5943C315}"
EndProject
Global
	GlobalSection(SolutionConfigurationPlatforms) = preSolution
	Debug|Any CPU = Debug|Any CPU
	ExportDebug|Any CPU = ExportDebug|Any CPU
	ExportRelease|Any CPU = ExportRelease|Any CPU
	EndGlobalSection
	GlobalSection(ProjectConfigurationPlatforms) = postSolution
		{973D962F-BAE0-48E1-B044-DB0D5943C315}.Debug|Any CPU.ActiveCfg = Debug|Any CPU
		{973D962F-BAE0-48E1-B044-DB0D5943C315}.Debug|Any CPU.Build.0 = Debug|Any CPU
		{973D962F-BAE0-48E1-B044-DB0D5943C315}.ExportDebug|Any CPU.ActiveCfg = ExportDebug|Any CPU
		{973D962F-BAE0-48E1-B044-DB0D5943C315}.ExportDebug|Any CPU.Build.0 = ExportDebug|Any CPU
		{973D962F-BAE0-48E1-B044-DB0D5943C315}.ExportRelease|Any CPU.ActiveCfg = ExportRelease|Any CPU
		{973D962F-BAE0-48E1-B044-DB0D5943C315}.ExportRelease|Any CPU.Build.0 = ExportRelease|Any CPU
	EndGlobalSection
EndGlobal
